
Microsoft Visual Studio Solution File, Format Version 12.00
# Visual Studio Version 17
VisualStudioVersion = 17.7.34031.279
MinimumVisualStudioVersion = 10.0.40219.1
Project("{8BC9CEB8-8B4A-11D0-8D11-00A0C91BC942}") = "RyanLin_Homework1", "RyanLin_Homework1.vcxproj", "{39617E2D-EC78-4509-A671-31F9731EECD5}"
EndProject
Global
	GlobalSection(SolutionConfigurationPlatforms) = preSolution
		Debug|x64 = Debug|x64
		Debug|x86 = Debug|x86
		Release|x64 = Release|x64
		Release|x86 = Release|x86
	EndGlobalSection
	GlobalSection(ProjectConfigurationPlatforms) = postSolution
		{39617E2D-EC78-4509-A671-31F9731EECD5}.Debug|x64.ActiveCfg = Debug|x64
		{39617E2D-EC78-4509-A671-31F9731EECD5}.Debug|x64.Build.0 = Debug|x64
		{39617E2D-EC78-4509-A671-31F9731EECD5}.Debug|x86.ActiveCfg = Debug|Win32
		{39617E2D-EC78-4509-A671-31F9731EECD5}.Debug|x86.Build.0 = Debug|Win32
		{39617E2D-EC78-4509-A671-31F9731EECD5}.Release|x64.ActiveCfg = Release|x64
		{39617E2D-EC78-4509-A671-31F9731EECD5}.Release|x64.Build.0 = Release|x64
		{39617E2D-EC78-4509-A671-31F9731EECD5}.Release|x86.ActiveCfg = Release|Win32
		{39617E2D-EC78-4509-A671-31F9731EECD5}.Release|x86.Build.0 = Release|Win32
	EndGlobalSection
	GlobalSection(SolutionProperties) = preSolution
		HideSolutionNode = FALSE
	EndGlobalSection
	GlobalSection(ExtensibilityGlobals) = postSolution
		SolutionGuid = {BDEC2FE1-F084-41EB-8FDC-788E0EC3EDFA}
	EndGlobalSection
EndGlobal
